
Microsoft Visual Studio Solution File, Format Version 12.00
# Visual Studio Version 17
VisualStudioVersion = 17.1.32414.318
MinimumVisualStudioVersion = 10.0.40219.1
Project("{8BC9CEB8-8B4A-11D0-8D11-00A0C91BC942}") = "01_1부터N까지의M의배수합", "AA\AA.vcxproj", "{6471FA11-2763-4A72-869A-3EE4395C821B}"
EndProject
Project("{8BC9CEB8-8B4A-11D0-8D11-00A0C91BC942}") = "02_자연수의 합", "02_자연수의 합\02_자연수의 합.vcxproj", "{6C39C499-0171-4B94-8CAF-96B7FFF8703F}"
EndProject
Project("{8BC9CEB8-8B4A-11D0-8D11-00A0C91BC942}") = "06_숫자만 추출(문자열 컨트롤)", "06_숫자만 추출(문자열 컨트롤)\06_숫자만 추출(문자열 컨트롤).vcxproj", "{A93EB980-A4CE-4B67-AE7E-04BD11FD4ABF}"
EndProject
Project("{8BC9CEB8-8B4A-11D0-8D11-00A0C91BC942}") = "07_영어 단어 복구(문자열컨트롤)", "07_영어 단어 복구(문자열컨트롤)\07_영어 단어 복구(문자열컨트롤).vcxproj", "{DA0CC147-24A8-4DEC-BF0E-83E72179A171}"
EndProject
Project("{8BC9CEB8-8B4A-11D0-8D11-00A0C91BC942}") = "08_올바른 괄호(문자열컨트롤)", "08_올바른 괄호(문자열컨트롤)\08_올바른 괄호(문자열컨트롤).vcxproj", "{9DC05EF2-C8D2-42D4-9353-3089444EB68D}"
EndProject
Project("{8BC9CEB8-8B4A-11D0-8D11-00A0C91BC942}") = "09_모두의 약수(제한시간1초)", "09_모두의 약수(제한시간1초)\09_모두의 약수(제한시간1초).vcxproj", "{A5215499-CB04-44F5-B6D6-357CB1D7D1AA}"
EndProject
Project("{8BC9CEB8-8B4A-11D0-8D11-00A0C91BC942}") = "10_자릿수의 합", "10_자릿수의 합\10_자릿수의 합.vcxproj", "{6E5AFFF1-4269-4E1A-AFC1-BD5A1E3A54D3}"
EndProject
Project("{8BC9CEB8-8B4A-11D0-8D11-00A0C91BC942}") = "11_숫자의 총 개수(small)", "11_숫자의 총 개수(small)\11_숫자의 총 개수(small).vcxproj", "{6EADA33D-DF7D-4F08-ABAB-139A81193FE5}"
EndProject
Project("{8BC9CEB8-8B4A-11D0-8D11-00A0C91BC942}") = "12_숫자의 총 개수(large 제한시간1초)", "12_숫자의 총 개수(large 제한시간1초)\12_숫자의 총 개수(large 제한시간1초).vcxproj", "{8E688A5F-CC8B-4AEF-AE68-F696C84C0835}"
EndProject
Project("{8BC9CEB8-8B4A-11D0-8D11-00A0C91BC942}") = "13_가장많이사용된자릿수", "13_가장많이사용된자릿수\13_가장많이사용된자릿수.vcxproj", "{B68D8DE7-69F0-46F1-9F4F-99254A954618}"
EndProject
Project("{8BC9CEB8-8B4A-11D0-8D11-00A0C91BC942}") = "14_뒤집은소수", "14_뒤집은소수\14_뒤집은소수.vcxproj", "{D0290F37-4824-4C2A-B3C9-CECB45548325}"
EndProject
Project("{8BC9CEB8-8B4A-11D0-8D11-00A0C91BC942}") = "15_소수의개수(제한시간1초)", "15_소수의개수(제한시간1초)\15_소수의개수(제한시간1초).vcxproj", "{7C3DEEDC-7AA1-4343-ACD0-985B3248F8C9}"
EndProject
Project("{8BC9CEB8-8B4A-11D0-8D11-00A0C91BC942}") = "17_선생님 퀴즈", "17_선생님 퀴즈\17_선생님 퀴즈.vcxproj", "{4847A7FE-CC9B-474A-A44E-71839E0F4ECE}"
EndProject
Project("{8BC9CEB8-8B4A-11D0-8D11-00A0C91BC942}") = "16_Anagram(구글 인터뷰 문제)", "16_Anagram(구글 인터뷰 문제)\16_Anagram(구글 인터뷰 문제).vcxproj", "{54F3CFD6-D111-4303-99E8-0B30E74EF4AF}"
EndProject
Project("{8BC9CEB8-8B4A-11D0-8D11-00A0C91BC942}") = "18_층간 소음", "18_층간 소음\18_층간 소음.vcxproj", "{E34BE61E-FAB3-4FE3-BA11-74B00A54B4ED}"
EndProject
Project("{8BC9CEB8-8B4A-11D0-8D11-00A0C91BC942}") = "19_분노 유발자(1차원 배열의 필요성)", "19_분노 유발자(1차원 배열의 필요성)\19_분노 유발자(1차원 배열의 필요성).vcxproj", "{4A0DFFF5-810A-45E2-B851-33857AE35DB1}"
EndProject
Project("{8BC9CEB8-8B4A-11D0-8D11-00A0C91BC942}") = "20_가위 바위 보(기본코딩설계)", "20_가위 바위 보(기본코딩설계)\20_가위 바위 보(기본코딩설계).vcxproj", "{91A20CF9-DB85-42B7-9996-F388A14137A9}"
EndProject
Project("{8BC9CEB8-8B4A-11D0-8D11-00A0C91BC942}") = "21_카드게임(기본코딩설계)", "21_카드게임(기본코딩설계)\21_카드게임(기본코딩설계).vcxproj", "{12DDD0C3-E23B-47EA-9CB4-B76607AED6A3}"
EndProject
Project("{2150E333-8FDC-42A3-9474-1A3956D46DE8}") = "5.Dynamaic Programming", "5.Dynamaic Programming", "{C3109064-6DA4-47CC-BA12-7DEB7416E801}"
EndProject
Project("{2150E333-8FDC-42A3-9474-1A3956D46DE8}") = "1.코드 구현력 기르기", "1.코드 구현력 기르기", "{E3360E2F-73E5-4C00-AE20-9A80B03D992C}"
EndProject
Project("{2150E333-8FDC-42A3-9474-1A3956D46DE8}") = "2.정렬_이분탐색_투포인트_스택", "2.정렬_이분탐색_투포인트_스택", "{A98D03FE-72C2-4554-98B7-EF5723705BA2}"
EndProject
Project("{2150E333-8FDC-42A3-9474-1A3956D46DE8}") = "3.재귀_DFS_BFS", "3.재귀_DFS_BFS", "{86064A91-7221-47B1-89F9-D83FB27CCD43}"
EndProject
Project("{2150E333-8FDC-42A3-9474-1A3956D46DE8}") = "4.그래프_DFS_BFS보충", "4.그래프_DFS_BFS보충", "{69002C8C-F1F3-4CDD-9761-FFE029744A6C}"
EndProject
Project("{8BC9CEB8-8B4A-11D0-8D11-00A0C91BC942}") = "01_네트워크 선 자르기(Bottom_Up)", "01_네트워크 선 자르기(Bottom_Up)\01_네트워크 선 자르기(Bottom_Up).vcxproj", "{181E4158-9AE6-4EF5-9BFE-0626F6F48FF4}"
EndProject
Project("{8BC9CEB8-8B4A-11D0-8D11-00A0C91BC942}") = "02_네트워크 선 자르기(Top_Down 재귀,메모이제이션)", "02_네트워크 선 자르기(Top_Down 재귀,메모이제이션)\02_네트워크 선 자르기(Top_Down 재귀,메모이제이션).vcxproj", "{A9ABEB24-C392-4457-89D6-D9A7B476C975}"
EndProject
Project("{8BC9CEB8-8B4A-11D0-8D11-00A0C91BC942}") = "03_도전과제", "03_도전과제\03_도전과제.vcxproj", "{C9274167-FF1C-4DF7-9186-FD15C4F1B301}"
EndProject
Project("{8BC9CEB8-8B4A-11D0-8D11-00A0C91BC942}") = "04_최대 부분 증가수열(LIS_Long Increasing Subsequence)", "04_최대 부분 증가수열(LIS_Long Increasing Subsequence)\04_최대 부분 증가수열(LIS_Long Increasing Subsequence).vcxproj", "{CCD61249-40A0-4D8C-B87E-9D6ED2D5AA82}"
EndProject
Project("{8BC9CEB8-8B4A-11D0-8D11-00A0C91BC942}") = "22_온도의 최댓값(1차원 배열 구간합. 제한시간 1초)", "22_온도의 최댓값(1차원 배열 구간합. 제한시간 1초)\22_온도의 최댓값(1차원 배열 구간합. 제한시간 1초).vcxproj", "{72EFD6BB-B30C-4CB1-B7C3-09FBC39362B6}"
EndProject
Project("{8BC9CEB8-8B4A-11D0-8D11-00A0C91BC942}") = "23_연속 부분 증가 수열", "23_연속 부분 증가 수열\23_연속 부분 증가 수열.vcxproj", "{2D5D467E-9130-4A86-9A4B-20F803C6B857}"
EndProject
Project("{8BC9CEB8-8B4A-11D0-8D11-00A0C91BC942}") = "24_Jooly Jumpers", "24_Jooly Jumpers\24_Jooly Jumpers.vcxproj", "{F81710BE-A8CB-41C0-820D-33FF40F7632C}"
EndProject
Project("{8BC9CEB8-8B4A-11D0-8D11-00A0C91BC942}") = "25_석차 구하기(브루트포스)", "25_석차 구하기(브루트포스)\25_석차 구하기(브루트포스).vcxproj", "{D8442B43-E5E1-4C84-96F7-0D3532768080}"
EndProject
Project("{8BC9CEB8-8B4A-11D0-8D11-00A0C91BC942}") = "26_마라톤", "26_마라톤\26_마라톤.vcxproj", "{E943433F-EA4C-4950-9789-8A4FA2301550}"
EndProject
Project("{8BC9CEB8-8B4A-11D0-8D11-00A0C91BC942}") = "27_N!의 표현법(소인수 분해 응용)", "27_N!의 표현법(소인수 분해 응용)\27_N!의 표현법(소인수 분해 응용).vcxproj", "{916DDED0-1CD7-4D90-B446-31E42157ED2C}"
EndProject
Project("{8BC9CEB8-8B4A-11D0-8D11-00A0C91BC942}") = "28_N!에서 0의 개수(소인수 분해 응용)", "28_N!에서 0의 개수(소인수 분해 응용)\28_N!에서 0의 개수(소인수 분해 응용).vcxproj", "{5153AF2F-78F5-4012-B070-5DD22B10B211}"
EndProject
Project("{8BC9CEB8-8B4A-11D0-8D11-00A0C91BC942}") = "29_3의 개수는 (large 제한시간 1초)", "29_3의 개수는 (large 제한시간 1초)\29_3의 개수는 (large 제한시간 1초).vcxproj", "{4CEFD367-7214-47AF-B9B9-F8A3437DB68A}"
EndProject
Project("{8BC9CEB8-8B4A-11D0-8D11-00A0C91BC942}") = "31_탄화수소 질량", "31_탄화수소 질량\31_탄화수소 질량.vcxproj", "{7B6300E9-A74B-46BE-A2A8-660AA044AB8C}"
EndProject
Project("{8BC9CEB8-8B4A-11D0-8D11-00A0C91BC942}") = "30_3의 개수는 (small 구글 인터뷰)", "30_3의 개수는 (small 구글 인터뷰)\30_3의 개수는 (small 구글 인터뷰).vcxproj", "{8590DD01-0F89-4AC7-A372-309788ECA191}"
EndProject
Global
	GlobalSection(SolutionConfigurationPlatforms) = preSolution
		Debug|x64 = Debug|x64
		Debug|x86 = Debug|x86
		Release|x64 = Release|x64
		Release|x86 = Release|x86
	EndGlobalSection
	GlobalSection(ProjectConfigurationPlatforms) = postSolution
		{6471FA11-2763-4A72-869A-3EE4395C821B}.Debug|x64.ActiveCfg = Debug|x64
		{6471FA11-2763-4A72-869A-3EE4395C821B}.Debug|x64.Build.0 = Debug|x64
		{6471FA11-2763-4A72-869A-3EE4395C821B}.Debug|x86.ActiveCfg = Debug|Win32
		{6471FA11-2763-4A72-869A-3EE4395C821B}.Debug|x86.Build.0 = Debug|Win32
		{6471FA11-2763-4A72-869A-3EE4395C821B}.Release|x64.ActiveCfg = Release|x64
		{6471FA11-2763-4A72-869A-3EE4395C821B}.Release|x64.Build.0 = Release|x64
		{6471FA11-2763-4A72-869A-3EE4395C821B}.Release|x86.ActiveCfg = Release|Win32
		{6471FA11-2763-4A72-869A-3EE4395C821B}.Release|x86.Build.0 = Release|Win32
		{6C39C499-0171-4B94-8CAF-96B7FFF8703F}.Debug|x64.ActiveCfg = Debug|x64
		{6C39C499-0171-4B94-8CAF-96B7FFF8703F}.Debug|x64.Build.0 = Debug|x64
		{6C39C499-0171-4B94-8CAF-96B7FFF8703F}.Debug|x86.ActiveCfg = Debug|Win32
		{6C39C499-0171-4B94-8CAF-96B7FFF8703F}.Debug|x86.Build.0 = Debug|Win32
		{6C39C499-0171-4B94-8CAF-96B7FFF8703F}.Release|x64.ActiveCfg = Release|x64
		{6C39C499-0171-4B94-8CAF-96B7FFF8703F}.Release|x64.Build.0 = Release|x64
		{6C39C499-0171-4B94-8CAF-96B7FFF8703F}.Release|x86.ActiveCfg = Release|Win32
		{6C39C499-0171-4B94-8CAF-96B7FFF8703F}.Release|x86.Build.0 = Release|Win32
		{A93EB980-A4CE-4B67-AE7E-04BD11FD4ABF}.Debug|x64.ActiveCfg = Debug|x64
		{A93EB980-A4CE-4B67-AE7E-04BD11FD4ABF}.Debug|x64.Build.0 = Debug|x64
		{A93EB980-A4CE-4B67-AE7E-04BD11FD4ABF}.Debug|x86.ActiveCfg = Debug|Win32
		{A93EB980-A4CE-4B67-AE7E-04BD11FD4ABF}.Debug|x86.Build.0 = Debug|Win32
		{A93EB980-A4CE-4B67-AE7E-04BD11FD4ABF}.Release|x64.ActiveCfg = Release|x64
		{A93EB980-A4CE-4B67-AE7E-04BD11FD4ABF}.Release|x64.Build.0 = Release|x64
		{A93EB980-A4CE-4B67-AE7E-04BD11FD4ABF}.Release|x86.ActiveCfg = Release|Win32
		{A93EB980-A4CE-4B67-AE7E-04BD11FD4ABF}.Release|x86.Build.0 = Release|Win32
		{DA0CC147-24A8-4DEC-BF0E-83E72179A171}.Debug|x64.ActiveCfg = Debug|x64
		{DA0CC147-24A8-4DEC-BF0E-83E72179A171}.Debug|x64.Build.0 = Debug|x64
		{DA0CC147-24A8-4DEC-BF0E-83E72179A171}.Debug|x86.ActiveCfg = Debug|Win32
		{DA0CC147-24A8-4DEC-BF0E-83E72179A171}.Debug|x86.Build.0 = Debug|Win32
		{DA0CC147-24A8-4DEC-BF0E-83E72179A171}.Release|x64.ActiveCfg = Release|x64
		{DA0CC147-24A8-4DEC-BF0E-83E72179A171}.Release|x64.Build.0 = Release|x64
		{DA0CC147-24A8-4DEC-BF0E-83E72179A171}.Release|x86.ActiveCfg = Release|Win32
		{DA0CC147-24A8-4DEC-BF0E-83E72179A171}.Release|x86.Build.0 = Release|Win32
		{9DC05EF2-C8D2-42D4-9353-3089444EB68D}.Debug|x64.ActiveCfg = Debug|x64
		{9DC05EF2-C8D2-42D4-9353-3089444EB68D}.Debug|x64.Build.0 = Debug|x64
		{9DC05EF2-C8D2-42D4-9353-3089444EB68D}.Debug|x86.ActiveCfg = Debug|Win32
		{9DC05EF2-C8D2-42D4-9353-3089444EB68D}.Debug|x86.Build.0 = Debug|Win32
		{9DC05EF2-C8D2-42D4-9353-3089444EB68D}.Release|x64.ActiveCfg = Release|x64
		{9DC05EF2-C8D2-42D4-9353-3089444EB68D}.Release|x64.Build.0 = Release|x64
		{9DC05EF2-C8D2-42D4-9353-3089444EB68D}.Release|x86.ActiveCfg = Release|Win32
		{9DC05EF2-C8D2-42D4-9353-3089444EB68D}.Release|x86.Build.0 = Release|Win32
		{A5215499-CB04-44F5-B6D6-357CB1D7D1AA}.Debug|x64.ActiveCfg = Debug|x64
		{A5215499-CB04-44F5-B6D6-357CB1D7D1AA}.Debug|x64.Build.0 = Debug|x64
		{A5215499-CB04-44F5-B6D6-357CB1D7D1AA}.Debug|x86.ActiveCfg = Debug|Win32
		{A5215499-CB04-44F5-B6D6-357CB1D7D1AA}.Debug|x86.Build.0 = Debug|Win32
		{A5215499-CB04-44F5-B6D6-357CB1D7D1AA}.Release|x64.ActiveCfg = Release|x64
		{A5215499-CB04-44F5-B6D6-357CB1D7D1AA}.Release|x64.Build.0 = Release|x64
		{A5215499-CB04-44F5-B6D6-357CB1D7D1AA}.Release|x86.ActiveCfg = Release|Win32
		{A5215499-CB04-44F5-B6D6-357CB1D7D1AA}.Release|x86.Build.0 = Release|Win32
		{6E5AFFF1-4269-4E1A-AFC1-BD5A1E3A54D3}.Debug|x64.ActiveCfg = Debug|x64
		{6E5AFFF1-4269-4E1A-AFC1-BD5A1E3A54D3}.Debug|x64.Build.0 = Debug|x64
		{6E5AFFF1-4269-4E1A-AFC1-BD5A1E3A54D3}.Debug|x86.ActiveCfg = Debug|Win32
		{6E5AFFF1-4269-4E1A-AFC1-BD5A1E3A54D3}.Debug|x86.Build.0 = Debug|Win32
		{6E5AFFF1-4269-4E1A-AFC1-BD5A1E3A54D3}.Release|x64.ActiveCfg = Release|x64
		{6E5AFFF1-4269-4E1A-AFC1-BD5A1E3A54D3}.Release|x64.Build.0 = Release|x64
		{6E5AFFF1-4269-4E1A-AFC1-BD5A1E3A54D3}.Release|x86.ActiveCfg = Release|Win32
		{6E5AFFF1-4269-4E1A-AFC1-BD5A1E3A54D3}.Release|x86.Build.0 = Release|Win32
		{6EADA33D-DF7D-4F08-ABAB-139A81193FE5}.Debug|x64.ActiveCfg = Debug|x64
		{6EADA33D-DF7D-4F08-ABAB-139A81193FE5}.Debug|x64.Build.0 = Debug|x64
		{6EADA33D-DF7D-4F08-ABAB-139A81193FE5}.Debug|x86.ActiveCfg = Debug|Win32
		{6EADA33D-DF7D-4F08-ABAB-139A81193FE5}.Debug|x86.Build.0 = Debug|Win32
		{6EADA33D-DF7D-4F08-ABAB-139A81193FE5}.Release|x64.ActiveCfg = Release|x64
		{6EADA33D-DF7D-4F08-ABAB-139A81193FE5}.Release|x64.Build.0 = Release|x64
		{6EADA33D-DF7D-4F08-ABAB-139A81193FE5}.Release|x86.ActiveCfg = Release|Win32
		{6EADA33D-DF7D-4F08-ABAB-139A81193FE5}.Release|x86.Build.0 = Release|Win32
		{8E688A5F-CC8B-4AEF-AE68-F696C84C0835}.Debug|x64.ActiveCfg = Debug|x64
		{8E688A5F-CC8B-4AEF-AE68-F696C84C0835}.Debug|x64.Build.0 = Debug|x64
		{8E688A5F-CC8B-4AEF-AE68-F696C84C0835}.Debug|x86.ActiveCfg = Debug|Win32
		{8E688A5F-CC8B-4AEF-AE68-F696C84C0835}.Debug|x86.Build.0 = Debug|Win32
		{8E688A5F-CC8B-4AEF-AE68-F696C84C0835}.Release|x64.ActiveCfg = Release|x64
		{8E688A5F-CC8B-4AEF-AE68-F696C84C0835}.Release|x64.Build.0 = Release|x64
		{8E688A5F-CC8B-4AEF-AE68-F696C84C0835}.Release|x86.ActiveCfg = Release|Win32
		{8E688A5F-CC8B-4AEF-AE68-F696C84C0835}.Release|x86.Build.0 = Release|Win32
		{B68D8DE7-69F0-46F1-9F4F-99254A954618}.Debug|x64.ActiveCfg = Debug|x64
		{B68D8DE7-69F0-46F1-9F4F-99254A954618}.Debug|x64.Build.0 = Debug|x64
		{B68D8DE7-69F0-46F1-9F4F-99254A954618}.Debug|x86.ActiveCfg = Debug|Win32
		{B68D8DE7-69F0-46F1-9F4F-99254A954618}.Debug|x86.Build.0 = Debug|Win32
		{B68D8DE7-69F0-46F1-9F4F-99254A954618}.Release|x64.ActiveCfg = Release|x64
		{B68D8DE7-69F0-46F1-9F4F-99254A954618}.Release|x64.Build.0 = Release|x64
		{B68D8DE7-69F0-46F1-9F4F-99254A954618}.Release|x86.ActiveCfg = Release|Win32
		{B68D8DE7-69F0-46F1-9F4F-99254A954618}.Release|x86.Build.0 = Release|Win32
		{D0290F37-4824-4C2A-B3C9-CECB45548325}.Debug|x64.ActiveCfg = Debug|x64
		{D0290F37-4824-4C2A-B3C9-CECB45548325}.Debug|x64.Build.0 = Debug|x64
		{D0290F37-4824-4C2A-B3C9-CECB45548325}.Debug|x86.ActiveCfg = Debug|Win32
		{D0290F37-4824-4C2A-B3C9-CECB45548325}.Debug|x86.Build.0 = Debug|Win32
		{D0290F37-4824-4C2A-B3C9-CECB45548325}.Release|x64.ActiveCfg = Release|x64
		{D0290F37-4824-4C2A-B3C9-CECB45548325}.Release|x64.Build.0 = Release|x64
		{D0290F37-4824-4C2A-B3C9-CECB45548325}.Release|x86.ActiveCfg = Release|Win32
		{D0290F37-4824-4C2A-B3C9-CECB45548325}.Release|x86.Build.0 = Release|Win32
		{7C3DEEDC-7AA1-4343-ACD0-985B3248F8C9}.Debug|x64.ActiveCfg = Debug|x64
		{7C3DEEDC-7AA1-4343-ACD0-985B3248F8C9}.Debug|x64.Build.0 = Debug|x64
		{7C3DEEDC-7AA1-4343-ACD0-985B3248F8C9}.Debug|x86.ActiveCfg = Debug|Win32
		{7C3DEEDC-7AA1-4343-ACD0-985B3248F8C9}.Debug|x86.Build.0 = Debug|Win32
		{7C3DEEDC-7AA1-4343-ACD0-985B3248F8C9}.Release|x64.ActiveCfg = Release|x64
		{7C3DEEDC-7AA1-4343-ACD0-985B3248F8C9}.Release|x64.Build.0 = Release|x64
		{7C3DEEDC-7AA1-4343-ACD0-985B3248F8C9}.Release|x86.ActiveCfg = Release|Win32
		{7C3DEEDC-7AA1-4343-ACD0-985B3248F8C9}.Release|x86.Build.0 = Release|Win32
		{4847A7FE-CC9B-474A-A44E-71839E0F4ECE}.Debug|x64.ActiveCfg = Debug|x64
		{4847A7FE-CC9B-474A-A44E-71839E0F4ECE}.Debug|x64.Build.0 = Debug|x64
		{4847A7FE-CC9B-474A-A44E-71839E0F4ECE}.Debug|x86.ActiveCfg = Debug|Win32
		{4847A7FE-CC9B-474A-A44E-71839E0F4ECE}.Debug|x86.Build.0 = Debug|Win32
		{4847A7FE-CC9B-474A-A44E-71839E0F4ECE}.Release|x64.ActiveCfg = Release|x64
		{4847A7FE-CC9B-474A-A44E-71839E0F4ECE}.Release|x64.Build.0 = Release|x64
		{4847A7FE-CC9B-474A-A44E-71839E0F4ECE}.Release|x86.ActiveCfg = Release|Win32
		{4847A7FE-CC9B-474A-A44E-71839E0F4ECE}.Release|x86.Build.0 = Release|Win32
		{54F3CFD6-D111-4303-99E8-0B30E74EF4AF}.Debug|x64.ActiveCfg = Debug|x64
		{54F3CFD6-D111-4303-99E8-0B30E74EF4AF}.Debug|x64.Build.0 = Debug|x64
		{54F3CFD6-D111-4303-99E8-0B30E74EF4AF}.Debug|x86.ActiveCfg = Debug|Win32
		{54F3CFD6-D111-4303-99E8-0B30E74EF4AF}.Debug|x86.Build.0 = Debug|Win32
		{54F3CFD6-D111-4303-99E8-0B30E74EF4AF}.Release|x64.ActiveCfg = Release|x64
		{54F3CFD6-D111-4303-99E8-0B30E74EF4AF}.Release|x64.Build.0 = Release|x64
		{54F3CFD6-D111-4303-99E8-0B30E74EF4AF}.Release|x86.ActiveCfg = Release|Win32
		{54F3CFD6-D111-4303-99E8-0B30E74EF4AF}.Release|x86.Build.0 = Release|Win32
		{E34BE61E-FAB3-4FE3-BA11-74B00A54B4ED}.Debug|x64.ActiveCfg = Debug|x64
		{E34BE61E-FAB3-4FE3-BA11-74B00A54B4ED}.Debug|x64.Build.0 = Debug|x64
		{E34BE61E-FAB3-4FE3-BA11-74B00A54B4ED}.Debug|x86.ActiveCfg = Debug|Win32
		{E34BE61E-FAB3-4FE3-BA11-74B00A54B4ED}.Debug|x86.Build.0 = Debug|Win32
		{E34BE61E-FAB3-4FE3-BA11-74B00A54B4ED}.Release|x64.ActiveCfg = Release|x64
		{E34BE61E-FAB3-4FE3-BA11-74B00A54B4ED}.Release|x64.Build.0 = Release|x64
		{E34BE61E-FAB3-4FE3-BA11-74B00A54B4ED}.Release|x86.ActiveCfg = Release|Win32
		{E34BE61E-FAB3-4FE3-BA11-74B00A54B4ED}.Release|x86.Build.0 = Release|Win32
		{4A0DFFF5-810A-45E2-B851-33857AE35DB1}.Debug|x64.ActiveCfg = Debug|x64
		{4A0DFFF5-810A-45E2-B851-33857AE35DB1}.Debug|x64.Build.0 = Debug|x64
		{4A0DFFF5-810A-45E2-B851-33857AE35DB1}.Debug|x86.ActiveCfg = Debug|Win32
		{4A0DFFF5-810A-45E2-B851-33857AE35DB1}.Debug|x86.Build.0 = Debug|Win32
		{4A0DFFF5-810A-45E2-B851-33857AE35DB1}.Release|x64.ActiveCfg = Release|x64
		{4A0DFFF5-810A-45E2-B851-33857AE35DB1}.Release|x64.Build.0 = Release|x64
		{4A0DFFF5-810A-45E2-B851-33857AE35DB1}.Release|x86.ActiveCfg = Release|Win32
		{4A0DFFF5-810A-45E2-B851-33857AE35DB1}.Release|x86.Build.0 = Release|Win32
		{91A20CF9-DB85-42B7-9996-F388A14137A9}.Debug|x64.ActiveCfg = Debug|x64
		{91A20CF9-DB85-42B7-9996-F388A14137A9}.Debug|x64.Build.0 = Debug|x64
		{91A20CF9-DB85-42B7-9996-F388A14137A9}.Debug|x86.ActiveCfg = Debug|Win32
		{91A20CF9-DB85-42B7-9996-F388A14137A9}.Debug|x86.Build.0 = Debug|Win32
		{91A20CF9-DB85-42B7-9996-F388A14137A9}.Release|x64.ActiveCfg = Release|x64
		{91A20CF9-DB85-42B7-9996-F388A14137A9}.Release|x64.Build.0 = Release|x64
		{91A20CF9-DB85-42B7-9996-F388A14137A9}.Release|x86.ActiveCfg = Release|Win32
		{91A20CF9-DB85-42B7-9996-F388A14137A9}.Release|x86.Build.0 = Release|Win32
		{12DDD0C3-E23B-47EA-9CB4-B76607AED6A3}.Debug|x64.ActiveCfg = Debug|x64
		{12DDD0C3-E23B-47EA-9CB4-B76607AED6A3}.Debug|x64.Build.0 = Debug|x64
		{12DDD0C3-E23B-47EA-9CB4-B76607AED6A3}.Debug|x86.ActiveCfg = Debug|Win32
		{12DDD0C3-E23B-47EA-9CB4-B76607AED6A3}.Debug|x86.Build.0 = Debug|Win32
		{12DDD0C3-E23B-47EA-9CB4-B76607AED6A3}.Release|x64.ActiveCfg = Release|x64
		{12DDD0C3-E23B-47EA-9CB4-B76607AED6A3}.Release|x64.Build.0 = Release|x64
		{12DDD0C3-E23B-47EA-9CB4-B76607AED6A3}.Release|x86.ActiveCfg = Release|Win32
		{12DDD0C3-E23B-47EA-9CB4-B76607AED6A3}.Release|x86.Build.0 = Release|Win32
		{181E4158-9AE6-4EF5-9BFE-0626F6F48FF4}.Debug|x64.ActiveCfg = Debug|x64
		{181E4158-9AE6-4EF5-9BFE-0626F6F48FF4}.Debug|x64.Build.0 = Debug|x64
		{181E4158-9AE6-4EF5-9BFE-0626F6F48FF4}.Debug|x86.ActiveCfg = Debug|Win32
		{181E4158-9AE6-4EF5-9BFE-0626F6F48FF4}.Debug|x86.Build.0 = Debug|Win32
		{181E4158-9AE6-4EF5-9BFE-0626F6F48FF4}.Release|x64.ActiveCfg = Release|x64
		{181E4158-9AE6-4EF5-9BFE-0626F6F48FF4}.Release|x64.Build.0 = Release|x64
		{181E4158-9AE6-4EF5-9BFE-0626F6F48FF4}.Release|x86.ActiveCfg = Release|Win32
		{181E4158-9AE6-4EF5-9BFE-0626F6F48FF4}.Release|x86.Build.0 = Release|Win32
		{A9ABEB24-C392-4457-89D6-D9A7B476C975}.Debug|x64.ActiveCfg = Debug|x64
		{A9ABEB24-C392-4457-89D6-D9A7B476C975}.Debug|x64.Build.0 = Debug|x64
		{A9ABEB24-C392-4457-89D6-D9A7B476C975}.Debug|x86.ActiveCfg = Debug|Win32
		{A9ABEB24-C392-4457-89D6-D9A7B476C975}.Debug|x86.Build.0 = Debug|Win32
		{A9ABEB24-C392-4457-89D6-D9A7B476C975}.Release|x64.ActiveCfg = Release|x64
		{A9ABEB24-C392-4457-89D6-D9A7B476C975}.Release|x64.Build.0 = Release|x64
		{A9ABEB24-C392-4457-89D6-D9A7B476C975}.Release|x86.ActiveCfg = Release|Win32
		{A9ABEB24-C392-4457-89D6-D9A7B476C975}.Release|x86.Build.0 = Release|Win32
		{C9274167-FF1C-4DF7-9186-FD15C4F1B301}.Debug|x64.ActiveCfg = Debug|x64
		{C9274167-FF1C-4DF7-9186-FD15C4F1B301}.Debug|x64.Build.0 = Debug|x64
		{C9274167-FF1C-4DF7-9186-FD15C4F1B301}.Debug|x86.ActiveCfg = Debug|Win32
		{C9274167-FF1C-4DF7-9186-FD15C4F1B301}.Debug|x86.Build.0 = Debug|Win32
		{C9274167-FF1C-4DF7-9186-FD15C4F1B301}.Release|x64.ActiveCfg = Release|x64
		{C9274167-FF1C-4DF7-9186-FD15C4F1B301}.Release|x64.Build.0 = Release|x64
		{C9274167-FF1C-4DF7-9186-FD15C4F1B301}.Release|x86.ActiveCfg = Release|Win32
		{C9274167-FF1C-4DF7-9186-FD15C4F1B301}.Release|x86.Build.0 = Release|Win32
		{CCD61249-40A0-4D8C-B87E-9D6ED2D5AA82}.Debug|x64.ActiveCfg = Debug|x64
		{CCD61249-40A0-4D8C-B87E-9D6ED2D5AA82}.Debug|x64.Build.0 = Debug|x64
		{CCD61249-40A0-4D8C-B87E-9D6ED2D5AA82}.Debug|x86.ActiveCfg = Debug|Win32
		{CCD61249-40A0-4D8C-B87E-9D6ED2D5AA82}.Debug|x86.Build.0 = Debug|Win32
		{CCD61249-40A0-4D8C-B87E-9D6ED2D5AA82}.Release|x64.ActiveCfg = Release|x64
		{CCD61249-40A0-4D8C-B87E-9D6ED2D5AA82}.Release|x64.Build.0 = Release|x64
		{CCD61249-40A0-4D8C-B87E-9D6ED2D5AA82}.Release|x86.ActiveCfg = Release|Win32
		{CCD61249-40A0-4D8C-B87E-9D6ED2D5AA82}.Release|x86.Build.0 = Release|Win32
		{72EFD6BB-B30C-4CB1-B7C3-09FBC39362B6}.Debug|x64.ActiveCfg = Debug|x64
		{72EFD6BB-B30C-4CB1-B7C3-09FBC39362B6}.Debug|x64.Build.0 = Debug|x64
		{72EFD6BB-B30C-4CB1-B7C3-09FBC39362B6}.Debug|x86.ActiveCfg = Debug|Win32
		{72EFD6BB-B30C-4CB1-B7C3-09FBC39362B6}.Debug|x86.Build.0 = Debug|Win32
		{72EFD6BB-B30C-4CB1-B7C3-09FBC39362B6}.Release|x64.ActiveCfg = Release|x64
		{72EFD6BB-B30C-4CB1-B7C3-09FBC39362B6}.Release|x64.Build.0 = Release|x64
		{72EFD6BB-B30C-4CB1-B7C3-09FBC39362B6}.Release|x86.ActiveCfg = Release|Win32
		{72EFD6BB-B30C-4CB1-B7C3-09FBC39362B6}.Release|x86.Build.0 = Release|Win32
		{2D5D467E-9130-4A86-9A4B-20F803C6B857}.Debug|x64.ActiveCfg = Debug|x64
		{2D5D467E-9130-4A86-9A4B-20F803C6B857}.Debug|x64.Build.0 = Debug|x64
		{2D5D467E-9130-4A86-9A4B-20F803C6B857}.Debug|x86.ActiveCfg = Debug|Win32
		{2D5D467E-9130-4A86-9A4B-20F803C6B857}.Debug|x86.Build.0 = Debug|Win32
		{2D5D467E-9130-4A86-9A4B-20F803C6B857}.Release|x64.ActiveCfg = Release|x64
		{2D5D467E-9130-4A86-9A4B-20F803C6B857}.Release|x64.Build.0 = Release|x64
		{2D5D467E-9130-4A86-9A4B-20F803C6B857}.Release|x86.ActiveCfg = Release|Win32
		{2D5D467E-9130-4A86-9A4B-20F803C6B857}.Release|x86.Build.0 = Release|Win32
		{F81710BE-A8CB-41C0-820D-33FF40F7632C}.Debug|x64.ActiveCfg = Debug|x64
		{F81710BE-A8CB-41C0-820D-33FF40F7632C}.Debug|x64.Build.0 = Debug|x64
		{F81710BE-A8CB-41C0-820D-33FF40F7632C}.Debug|x86.ActiveCfg = Debug|Win32
		{F81710BE-A8CB-41C0-820D-33FF40F7632C}.Debug|x86.Build.0 = Debug|Win32
		{F81710BE-A8CB-41C0-820D-33FF40F7632C}.Release|x64.ActiveCfg = Release|x64
		{F81710BE-A8CB-41C0-820D-33FF40F7632C}.Release|x64.Build.0 = Release|x64
		{F81710BE-A8CB-41C0-820D-33FF40F7632C}.Release|x86.ActiveCfg = Release|Win32
		{F81710BE-A8CB-41C0-820D-33FF40F7632C}.Release|x86.Build.0 = Release|Win32
		{D8442B43-E5E1-4C84-96F7-0D3532768080}.Debug|x64.ActiveCfg = Debug|x64
		{D8442B43-E5E1-4C84-96F7-0D3532768080}.Debug|x64.Build.0 = Debug|x64
		{D8442B43-E5E1-4C84-96F7-0D3532768080}.Debug|x86.ActiveCfg = Debug|Win32
		{D8442B43-E5E1-4C84-96F7-0D3532768080}.Debug|x86.Build.0 = Debug|Win32
		{D8442B43-E5E1-4C84-96F7-0D3532768080}.Release|x64.ActiveCfg = Release|x64
		{D8442B43-E5E1-4C84-96F7-0D3532768080}.Release|x64.Build.0 = Release|x64
		{D8442B43-E5E1-4C84-96F7-0D3532768080}.Release|x86.ActiveCfg = Release|Win32
		{D8442B43-E5E1-4C84-96F7-0D3532768080}.Release|x86.Build.0 = Release|Win32
		{E943433F-EA4C-4950-9789-8A4FA2301550}.Debug|x64.ActiveCfg = Debug|x64
		{E943433F-EA4C-4950-9789-8A4FA2301550}.Debug|x64.Build.0 = Debug|x64
		{E943433F-EA4C-4950-9789-8A4FA2301550}.Debug|x86.ActiveCfg = Debug|Win32
		{E943433F-EA4C-4950-9789-8A4FA2301550}.Debug|x86.Build.0 = Debug|Win32
		{E943433F-EA4C-4950-9789-8A4FA2301550}.Release|x64.ActiveCfg = Release|x64
		{E943433F-EA4C-4950-9789-8A4FA2301550}.Release|x64.Build.0 = Release|x64
		{E943433F-EA4C-4950-9789-8A4FA2301550}.Release|x86.ActiveCfg = Release|Win32
		{E943433F-EA4C-4950-9789-8A4FA2301550}.Release|x86.Build.0 = Release|Win32
		{916DDED0-1CD7-4D90-B446-31E42157ED2C}.Debug|x64.ActiveCfg = Debug|x64
		{916DDED0-1CD7-4D90-B446-31E42157ED2C}.Debug|x64.Build.0 = Debug|x64
		{916DDED0-1CD7-4D90-B446-31E42157ED2C}.Debug|x86.ActiveCfg = Debug|Win32
		{916DDED0-1CD7-4D90-B446-31E42157ED2C}.Debug|x86.Build.0 = Debug|Win32
		{916DDED0-1CD7-4D90-B446-31E42157ED2C}.Release|x64.ActiveCfg = Release|x64
		{916DDED0-1CD7-4D90-B446-31E42157ED2C}.Release|x64.Build.0 = Release|x64
		{916DDED0-1CD7-4D90-B446-31E42157ED2C}.Release|x86.ActiveCfg = Release|Win32
		{916DDED0-1CD7-4D90-B446-31E42157ED2C}.Release|x86.Build.0 = Release|Win32
		{5153AF2F-78F5-4012-B070-5DD22B10B211}.Debug|x64.ActiveCfg = Debug|x64
		{5153AF2F-78F5-4012-B070-5DD22B10B211}.Debug|x64.Build.0 = Debug|x64
		{5153AF2F-78F5-4012-B070-5DD22B10B211}.Debug|x86.ActiveCfg = Debug|Win32
		{5153AF2F-78F5-4012-B070-5DD22B10B211}.Debug|x86.Build.0 = Debug|Win32
		{5153AF2F-78F5-4012-B070-5DD22B10B211}.Release|x64.ActiveCfg = Release|x64
		{5153AF2F-78F5-4012-B070-5DD22B10B211}.Release|x64.Build.0 = Release|x64
		{5153AF2F-78F5-4012-B070-5DD22B10B211}.Release|x86.ActiveCfg = Release|Win32
		{5153AF2F-78F5-4012-B070-5DD22B10B211}.Release|x86.Build.0 = Release|Win32
		{4CEFD367-7214-47AF-B9B9-F8A3437DB68A}.Debug|x64.ActiveCfg = Debug|x64
		{4CEFD367-7214-47AF-B9B9-F8A3437DB68A}.Debug|x64.Build.0 = Debug|x64
		{4CEFD367-7214-47AF-B9B9-F8A3437DB68A}.Debug|x86.ActiveCfg = Debug|Win32
		{4CEFD367-7214-47AF-B9B9-F8A3437DB68A}.Debug|x86.Build.0 = Debug|Win32
		{4CEFD367-7214-47AF-B9B9-F8A3437DB68A}.Release|x64.ActiveCfg = Release|x64
		{4CEFD367-7214-47AF-B9B9-F8A3437DB68A}.Release|x64.Build.0 = Release|x64
		{4CEFD367-7214-47AF-B9B9-F8A3437DB68A}.Release|x86.ActiveCfg = Release|Win32
		{4CEFD367-7214-47AF-B9B9-F8A3437DB68A}.Release|x86.Build.0 = Release|Win32
		{7B6300E9-A74B-46BE-A2A8-660AA044AB8C}.Debug|x64.ActiveCfg = Debug|x64
		{7B6300E9-A74B-46BE-A2A8-660AA044AB8C}.Debug|x64.Build.0 = Debug|x64
		{7B6300E9-A74B-46BE-A2A8-660AA044AB8C}.Debug|x86.ActiveCfg = Debug|Win32
		{7B6300E9-A74B-46BE-A2A8-660AA044AB8C}.Debug|x86.Build.0 = Debug|Win32
		{7B6300E9-A74B-46BE-A2A8-660AA044AB8C}.Release|x64.ActiveCfg = Release|x64
		{7B6300E9-A74B-46BE-A2A8-660AA044AB8C}.Release|x64.Build.0 = Release|x64
		{7B6300E9-A74B-46BE-A2A8-660AA044AB8C}.Release|x86.ActiveCfg = Release|Win32
		{7B6300E9-A74B-46BE-A2A8-660AA044AB8C}.Release|x86.Build.0 = Release|Win32
		{8590DD01-0F89-4AC7-A372-309788ECA191}.Debug|x64.ActiveCfg = Debug|x64
		{8590DD01-0F89-4AC7-A372-309788ECA191}.Debug|x64.Build.0 = Debug|x64
		{8590DD01-0F89-4AC7-A372-309788ECA191}.Debug|x86.ActiveCfg = Debug|Win32
		{8590DD01-0F89-4AC7-A372-309788ECA191}.Debug|x86.Build.0 = Debug|Win32
		{8590DD01-0F89-4AC7-A372-309788ECA191}.Release|x64.ActiveCfg = Release|x64
		{8590DD01-0F89-4AC7-A372-309788ECA191}.Release|x64.Build.0 = Release|x64
		{8590DD01-0F89-4AC7-A372-309788ECA191}.Release|x86.ActiveCfg = Release|Win32
		{8590DD01-0F89-4AC7-A372-309788ECA191}.Release|x86.Build.0 = Release|Win32
	EndGlobalSection
	GlobalSection(SolutionProperties) = preSolution
		HideSolutionNode = FALSE
	EndGlobalSection
	GlobalSection(NestedProjects) = preSolution
		{6471FA11-2763-4A72-869A-3EE4395C821B} = {E3360E2F-73E5-4C00-AE20-9A80B03D992C}
		{6C39C499-0171-4B94-8CAF-96B7FFF8703F} = {E3360E2F-73E5-4C00-AE20-9A80B03D992C}
		{A93EB980-A4CE-4B67-AE7E-04BD11FD4ABF} = {E3360E2F-73E5-4C00-AE20-9A80B03D992C}
		{DA0CC147-24A8-4DEC-BF0E-83E72179A171} = {E3360E2F-73E5-4C00-AE20-9A80B03D992C}
		{9DC05EF2-C8D2-42D4-9353-3089444EB68D} = {E3360E2F-73E5-4C00-AE20-9A80B03D992C}
		{A5215499-CB04-44F5-B6D6-357CB1D7D1AA} = {E3360E2F-73E5-4C00-AE20-9A80B03D992C}
		{6E5AFFF1-4269-4E1A-AFC1-BD5A1E3A54D3} = {E3360E2F-73E5-4C00-AE20-9A80B03D992C}
		{6EADA33D-DF7D-4F08-ABAB-139A81193FE5} = {E3360E2F-73E5-4C00-AE20-9A80B03D992C}
		{8E688A5F-CC8B-4AEF-AE68-F696C84C0835} = {E3360E2F-73E5-4C00-AE20-9A80B03D992C}
		{B68D8DE7-69F0-46F1-9F4F-99254A954618} = {E3360E2F-73E5-4C00-AE20-9A80B03D992C}
		{D0290F37-4824-4C2A-B3C9-CECB45548325} = {E3360E2F-73E5-4C00-AE20-9A80B03D992C}
		{7C3DEEDC-7AA1-4343-ACD0-985B3248F8C9} = {E3360E2F-73E5-4C00-AE20-9A80B03D992C}
		{4847A7FE-CC9B-474A-A44E-71839E0F4ECE} = {E3360E2F-73E5-4C00-AE20-9A80B03D992C}
		{54F3CFD6-D111-4303-99E8-0B30E74EF4AF} = {E3360E2F-73E5-4C00-AE20-9A80B03D992C}
		{E34BE61E-FAB3-4FE3-BA11-74B00A54B4ED} = {E3360E2F-73E5-4C00-AE20-9A80B03D992C}
		{4A0DFFF5-810A-45E2-B851-33857AE35DB1} = {E3360E2F-73E5-4C00-AE20-9A80B03D992C}
		{91A20CF9-DB85-42B7-9996-F388A14137A9} = {E3360E2F-73E5-4C00-AE20-9A80B03D992C}
		{12DDD0C3-E23B-47EA-9CB4-B76607AED6A3} = {E3360E2F-73E5-4C00-AE20-9A80B03D992C}
		{181E4158-9AE6-4EF5-9BFE-0626F6F48FF4} = {C3109064-6DA4-47CC-BA12-7DEB7416E801}
		{A9ABEB24-C392-4457-89D6-D9A7B476C975} = {C3109064-6DA4-47CC-BA12-7DEB7416E801}
		{C9274167-FF1C-4DF7-9186-FD15C4F1B301} = {C3109064-6DA4-47CC-BA12-7DEB7416E801}
		{CCD61249-40A0-4D8C-B87E-9D6ED2D5AA82} = {C3109064-6DA4-47CC-BA12-7DEB7416E801}
		{72EFD6BB-B30C-4CB1-B7C3-09FBC39362B6} = {E3360E2F-73E5-4C00-AE20-9A80B03D992C}
		{2D5D467E-9130-4A86-9A4B-20F803C6B857} = {E3360E2F-73E5-4C00-AE20-9A80B03D992C}
		{F81710BE-A8CB-41C0-820D-33FF40F7632C} = {E3360E2F-73E5-4C00-AE20-9A80B03D992C}
		{D8442B43-E5E1-4C84-96F7-0D3532768080} = {E3360E2F-73E5-4C00-AE20-9A80B03D992C}
		{E943433F-EA4C-4950-9789-8A4FA2301550} = {E3360E2F-73E5-4C00-AE20-9A80B03D992C}
		{916DDED0-1CD7-4D90-B446-31E42157ED2C} = {E3360E2F-73E5-4C00-AE20-9A80B03D992C}
		{5153AF2F-78F5-4012-B070-5DD22B10B211} = {E3360E2F-73E5-4C00-AE20-9A80B03D992C}
		{4CEFD367-7214-47AF-B9B9-F8A3437DB68A} = {E3360E2F-73E5-4C00-AE20-9A80B03D992C}
		{7B6300E9-A74B-46BE-A2A8-660AA044AB8C} = {E3360E2F-73E5-4C00-AE20-9A80B03D992C}
		{8590DD01-0F89-4AC7-A372-309788ECA191} = {E3360E2F-73E5-4C00-AE20-9A80B03D992C}
	EndGlobalSection
	GlobalSection(ExtensibilityGlobals) = postSolution
		SolutionGuid = {13424833-8CAD-4686-99A5-255CF560F3B0}
	EndGlobalSection
EndGlobal
