
Microsoft Visual Studio Solution File, Format Version 12.00
# Visual Studio Version 16
VisualStudioVersion = 16.0.31229.75
MinimumVisualStudioVersion = 10.0.40219.1
Project("{8BC9CEB8-8B4A-11D0-8D11-00A0C91BC942}") = "01_1부터N까지의M의배수합", "AA\AA.vcxproj", "{6471FA11-2763-4A72-869A-3EE4395C821B}"
EndProject
Project("{8BC9CEB8-8B4A-11D0-8D11-00A0C91BC942}") = "02_자연수의 합", "02_자연수의 합\02_자연수의 합.vcxproj", "{6C39C499-0171-4B94-8CAF-96B7FFF8703F}"
EndProject
Project("{8BC9CEB8-8B4A-11D0-8D11-00A0C91BC942}") = "06_숫자만 추출(문자열 컨트롤)", "06_숫자만 추출(문자열 컨트롤)\06_숫자만 추출(문자열 컨트롤).vcxproj", "{A93EB980-A4CE-4B67-AE7E-04BD11FD4ABF}"
EndProject
Project("{8BC9CEB8-8B4A-11D0-8D11-00A0C91BC942}") = "07_영어 단어 복구(문자열컨트롤)", "07_영어 단어 복구(문자열컨트롤)\07_영어 단어 복구(문자열컨트롤).vcxproj", "{DA0CC147-24A8-4DEC-BF0E-83E72179A171}"
EndProject
Project("{8BC9CEB8-8B4A-11D0-8D11-00A0C91BC942}") = "08_올바른 괄호(문자열컨트롤)", "08_올바른 괄호(문자열컨트롤)\08_올바른 괄호(문자열컨트롤).vcxproj", "{9DC05EF2-C8D2-42D4-9353-3089444EB68D}"
EndProject
Project("{8BC9CEB8-8B4A-11D0-8D11-00A0C91BC942}") = "09_모두의 약수(제한시간1초)", "09_모두의 약수(제한시간1초)\09_모두의 약수(제한시간1초).vcxproj", "{A5215499-CB04-44F5-B6D6-357CB1D7D1AA}"
EndProject
Project("{8BC9CEB8-8B4A-11D0-8D11-00A0C91BC942}") = "10_자릿수의 합", "10_자릿수의 합\10_자릿수의 합.vcxproj", "{6E5AFFF1-4269-4E1A-AFC1-BD5A1E3A54D3}"
EndProject
Project("{8BC9CEB8-8B4A-11D0-8D11-00A0C91BC942}") = "11_숫자의 총 개수(small)", "11_숫자의 총 개수(small)\11_숫자의 총 개수(small).vcxproj", "{6EADA33D-DF7D-4F08-ABAB-139A81193FE5}"
EndProject
Project("{8BC9CEB8-8B4A-11D0-8D11-00A0C91BC942}") = "12_숫자의 총 개수(large 제한시간1초)", "12_숫자의 총 개수(large 제한시간1초)\12_숫자의 총 개수(large 제한시간1초).vcxproj", "{8E688A5F-CC8B-4AEF-AE68-F696C84C0835}"
EndProject
Project("{8BC9CEB8-8B4A-11D0-8D11-00A0C91BC942}") = "13_가장많이사용된자릿수", "13_가장많이사용된자릿수\13_가장많이사용된자릿수.vcxproj", "{B68D8DE7-69F0-46F1-9F4F-99254A954618}"
EndProject
Project("{8BC9CEB8-8B4A-11D0-8D11-00A0C91BC942}") = "14_뒤집은소수", "14_뒤집은소수\14_뒤집은소수.vcxproj", "{D0290F37-4824-4C2A-B3C9-CECB45548325}"
EndProject
Project("{8BC9CEB8-8B4A-11D0-8D11-00A0C91BC942}") = "15_소수의개수(제한시간1초)", "15_소수의개수(제한시간1초)\15_소수의개수(제한시간1초).vcxproj", "{7C3DEEDC-7AA1-4343-ACD0-985B3248F8C9}"
EndProject
Project("{8BC9CEB8-8B4A-11D0-8D11-00A0C91BC942}") = "17_선생님 퀴즈", "17_선생님 퀴즈\17_선생님 퀴즈.vcxproj", "{4847A7FE-CC9B-474A-A44E-71839E0F4ECE}"
EndProject
Project("{8BC9CEB8-8B4A-11D0-8D11-00A0C91BC942}") = "16_Anagram(구글 인터뷰 문제)", "16_Anagram(구글 인터뷰 문제)\16_Anagram(구글 인터뷰 문제).vcxproj", "{54F3CFD6-D111-4303-99E8-0B30E74EF4AF}"
EndProject
Project("{8BC9CEB8-8B4A-11D0-8D11-00A0C91BC942}") = "18_층간 소음", "18_층간 소음\18_층간 소음.vcxproj", "{E34BE61E-FAB3-4FE3-BA11-74B00A54B4ED}"
EndProject
Project("{8BC9CEB8-8B4A-11D0-8D11-00A0C91BC942}") = "19_분노 유발자(1차원 배열의 필요성)", "19_분노 유발자(1차원 배열의 필요성)\19_분노 유발자(1차원 배열의 필요성).vcxproj", "{4A0DFFF5-810A-45E2-B851-33857AE35DB1}"
EndProject
Project("{8BC9CEB8-8B4A-11D0-8D11-00A0C91BC942}") = "20_가위 바위 보(기본코딩설계)", "20_가위 바위 보(기본코딩설계)\20_가위 바위 보(기본코딩설계).vcxproj", "{91A20CF9-DB85-42B7-9996-F388A14137A9}"
EndProject
Project("{8BC9CEB8-8B4A-11D0-8D11-00A0C91BC942}") = "21_카드게임(기본코딩설계)", "21_카드게임(기본코딩설계)\21_카드게임(기본코딩설계).vcxproj", "{12DDD0C3-E23B-47EA-9CB4-B76607AED6A3}"
EndProject
Global
	GlobalSection(SolutionConfigurationPlatforms) = preSolution
		Debug|x64 = Debug|x64
		Debug|x86 = Debug|x86
		Release|x64 = Release|x64
		Release|x86 = Release|x86
	EndGlobalSection
	GlobalSection(ProjectConfigurationPlatforms) = postSolution
		{6471FA11-2763-4A72-869A-3EE4395C821B}.Debug|x64.ActiveCfg = Debug|x64
		{6471FA11-2763-4A72-869A-3EE4395C821B}.Debug|x64.Build.0 = Debug|x64
		{6471FA11-2763-4A72-869A-3EE4395C821B}.Debug|x86.ActiveCfg = Debug|Win32
		{6471FA11-2763-4A72-869A-3EE4395C821B}.Debug|x86.Build.0 = Debug|Win32
		{6471FA11-2763-4A72-869A-3EE4395C821B}.Release|x64.ActiveCfg = Release|x64
		{6471FA11-2763-4A72-869A-3EE4395C821B}.Release|x64.Build.0 = Release|x64
		{6471FA11-2763-4A72-869A-3EE4395C821B}.Release|x86.ActiveCfg = Release|Win32
		{6471FA11-2763-4A72-869A-3EE4395C821B}.Release|x86.Build.0 = Release|Win32
		{6C39C499-0171-4B94-8CAF-96B7FFF8703F}.Debug|x64.ActiveCfg = Debug|x64
		{6C39C499-0171-4B94-8CAF-96B7FFF8703F}.Debug|x64.Build.0 = Debug|x64
		{6C39C499-0171-4B94-8CAF-96B7FFF8703F}.Debug|x86.ActiveCfg = Debug|Win32
		{6C39C499-0171-4B94-8CAF-96B7FFF8703F}.Debug|x86.Build.0 = Debug|Win32
		{6C39C499-0171-4B94-8CAF-96B7FFF8703F}.Release|x64.ActiveCfg = Release|x64
		{6C39C499-0171-4B94-8CAF-96B7FFF8703F}.Release|x64.Build.0 = Release|x64
		{6C39C499-0171-4B94-8CAF-96B7FFF8703F}.Release|x86.ActiveCfg = Release|Win32
		{6C39C499-0171-4B94-8CAF-96B7FFF8703F}.Release|x86.Build.0 = Release|Win32
		{A93EB980-A4CE-4B67-AE7E-04BD11FD4ABF}.Debug|x64.ActiveCfg = Debug|x64
		{A93EB980-A4CE-4B67-AE7E-04BD11FD4ABF}.Debug|x64.Build.0 = Debug|x64
		{A93EB980-A4CE-4B67-AE7E-04BD11FD4ABF}.Debug|x86.ActiveCfg = Debug|Win32
		{A93EB980-A4CE-4B67-AE7E-04BD11FD4ABF}.Debug|x86.Build.0 = Debug|Win32
		{A93EB980-A4CE-4B67-AE7E-04BD11FD4ABF}.Release|x64.ActiveCfg = Release|x64
		{A93EB980-A4CE-4B67-AE7E-04BD11FD4ABF}.Release|x64.Build.0 = Release|x64
		{A93EB980-A4CE-4B67-AE7E-04BD11FD4ABF}.Release|x86.ActiveCfg = Release|Win32
		{A93EB980-A4CE-4B67-AE7E-04BD11FD4ABF}.Release|x86.Build.0 = Release|Win32
		{DA0CC147-24A8-4DEC-BF0E-83E72179A171}.Debug|x64.ActiveCfg = Debug|x64
		{DA0CC147-24A8-4DEC-BF0E-83E72179A171}.Debug|x64.Build.0 = Debug|x64
		{DA0CC147-24A8-4DEC-BF0E-83E72179A171}.Debug|x86.ActiveCfg = Debug|Win32
		{DA0CC147-24A8-4DEC-BF0E-83E72179A171}.Debug|x86.Build.0 = Debug|Win32
		{DA0CC147-24A8-4DEC-BF0E-83E72179A171}.Release|x64.ActiveCfg = Release|x64
		{DA0CC147-24A8-4DEC-BF0E-83E72179A171}.Release|x64.Build.0 = Release|x64
		{DA0CC147-24A8-4DEC-BF0E-83E72179A171}.Release|x86.ActiveCfg = Release|Win32
		{DA0CC147-24A8-4DEC-BF0E-83E72179A171}.Release|x86.Build.0 = Release|Win32
		{9DC05EF2-C8D2-42D4-9353-3089444EB68D}.Debug|x64.ActiveCfg = Debug|x64
		{9DC05EF2-C8D2-42D4-9353-3089444EB68D}.Debug|x64.Build.0 = Debug|x64
		{9DC05EF2-C8D2-42D4-9353-3089444EB68D}.Debug|x86.ActiveCfg = Debug|Win32
		{9DC05EF2-C8D2-42D4-9353-3089444EB68D}.Debug|x86.Build.0 = Debug|Win32
		{9DC05EF2-C8D2-42D4-9353-3089444EB68D}.Release|x64.ActiveCfg = Release|x64
		{9DC05EF2-C8D2-42D4-9353-3089444EB68D}.Release|x64.Build.0 = Release|x64
		{9DC05EF2-C8D2-42D4-9353-3089444EB68D}.Release|x86.ActiveCfg = Release|Win32
		{9DC05EF2-C8D2-42D4-9353-3089444EB68D}.Release|x86.Build.0 = Release|Win32
		{A5215499-CB04-44F5-B6D6-357CB1D7D1AA}.Debug|x64.ActiveCfg = Debug|x64
		{A5215499-CB04-44F5-B6D6-357CB1D7D1AA}.Debug|x64.Build.0 = Debug|x64
		{A5215499-CB04-44F5-B6D6-357CB1D7D1AA}.Debug|x86.ActiveCfg = Debug|Win32
		{A5215499-CB04-44F5-B6D6-357CB1D7D1AA}.Debug|x86.Build.0 = Debug|Win32
		{A5215499-CB04-44F5-B6D6-357CB1D7D1AA}.Release|x64.ActiveCfg = Release|x64
		{A5215499-CB04-44F5-B6D6-357CB1D7D1AA}.Release|x64.Build.0 = Release|x64
		{A5215499-CB04-44F5-B6D6-357CB1D7D1AA}.Release|x86.ActiveCfg = Release|Win32
		{A5215499-CB04-44F5-B6D6-357CB1D7D1AA}.Release|x86.Build.0 = Release|Win32
		{6E5AFFF1-4269-4E1A-AFC1-BD5A1E3A54D3}.Debug|x64.ActiveCfg = Debug|x64
		{6E5AFFF1-4269-4E1A-AFC1-BD5A1E3A54D3}.Debug|x64.Build.0 = Debug|x64
		{6E5AFFF1-4269-4E1A-AFC1-BD5A1E3A54D3}.Debug|x86.ActiveCfg = Debug|Win32
		{6E5AFFF1-4269-4E1A-AFC1-BD5A1E3A54D3}.Debug|x86.Build.0 = Debug|Win32
		{6E5AFFF1-4269-4E1A-AFC1-BD5A1E3A54D3}.Release|x64.ActiveCfg = Release|x64
		{6E5AFFF1-4269-4E1A-AFC1-BD5A1E3A54D3}.Release|x64.Build.0 = Release|x64
		{6E5AFFF1-4269-4E1A-AFC1-BD5A1E3A54D3}.Release|x86.ActiveCfg = Release|Win32
		{6E5AFFF1-4269-4E1A-AFC1-BD5A1E3A54D3}.Release|x86.Build.0 = Release|Win32
		{6EADA33D-DF7D-4F08-ABAB-139A81193FE5}.Debug|x64.ActiveCfg = Debug|x64
		{6EADA33D-DF7D-4F08-ABAB-139A81193FE5}.Debug|x64.Build.0 = Debug|x64
		{6EADA33D-DF7D-4F08-ABAB-139A81193FE5}.Debug|x86.ActiveCfg = Debug|Win32
		{6EADA33D-DF7D-4F08-ABAB-139A81193FE5}.Debug|x86.Build.0 = Debug|Win32
		{6EADA33D-DF7D-4F08-ABAB-139A81193FE5}.Release|x64.ActiveCfg = Release|x64
		{6EADA33D-DF7D-4F08-ABAB-139A81193FE5}.Release|x64.Build.0 = Release|x64
		{6EADA33D-DF7D-4F08-ABAB-139A81193FE5}.Release|x86.ActiveCfg = Release|Win32
		{6EADA33D-DF7D-4F08-ABAB-139A81193FE5}.Release|x86.Build.0 = Release|Win32
		{8E688A5F-CC8B-4AEF-AE68-F696C84C0835}.Debug|x64.ActiveCfg = Debug|x64
		{8E688A5F-CC8B-4AEF-AE68-F696C84C0835}.Debug|x64.Build.0 = Debug|x64
		{8E688A5F-CC8B-4AEF-AE68-F696C84C0835}.Debug|x86.ActiveCfg = Debug|Win32
		{8E688A5F-CC8B-4AEF-AE68-F696C84C0835}.Debug|x86.Build.0 = Debug|Win32
		{8E688A5F-CC8B-4AEF-AE68-F696C84C0835}.Release|x64.ActiveCfg = Release|x64
		{8E688A5F-CC8B-4AEF-AE68-F696C84C0835}.Release|x64.Build.0 = Release|x64
		{8E688A5F-CC8B-4AEF-AE68-F696C84C0835}.Release|x86.ActiveCfg = Release|Win32
		{8E688A5F-CC8B-4AEF-AE68-F696C84C0835}.Release|x86.Build.0 = Release|Win32
		{B68D8DE7-69F0-46F1-9F4F-99254A954618}.Debug|x64.ActiveCfg = Debug|x64
		{B68D8DE7-69F0-46F1-9F4F-99254A954618}.Debug|x64.Build.0 = Debug|x64
		{B68D8DE7-69F0-46F1-9F4F-99254A954618}.Debug|x86.ActiveCfg = Debug|Win32
		{B68D8DE7-69F0-46F1-9F4F-99254A954618}.Debug|x86.Build.0 = Debug|Win32
		{B68D8DE7-69F0-46F1-9F4F-99254A954618}.Release|x64.ActiveCfg = Release|x64
		{B68D8DE7-69F0-46F1-9F4F-99254A954618}.Release|x64.Build.0 = Release|x64
		{B68D8DE7-69F0-46F1-9F4F-99254A954618}.Release|x86.ActiveCfg = Release|Win32
		{B68D8DE7-69F0-46F1-9F4F-99254A954618}.Release|x86.Build.0 = Release|Win32
		{D0290F37-4824-4C2A-B3C9-CECB45548325}.Debug|x64.ActiveCfg = Debug|x64
		{D0290F37-4824-4C2A-B3C9-CECB45548325}.Debug|x64.Build.0 = Debug|x64
		{D0290F37-4824-4C2A-B3C9-CECB45548325}.Debug|x86.ActiveCfg = Debug|Win32
		{D0290F37-4824-4C2A-B3C9-CECB45548325}.Debug|x86.Build.0 = Debug|Win32
		{D0290F37-4824-4C2A-B3C9-CECB45548325}.Release|x64.ActiveCfg = Release|x64
		{D0290F37-4824-4C2A-B3C9-CECB45548325}.Release|x64.Build.0 = Release|x64
		{D0290F37-4824-4C2A-B3C9-CECB45548325}.Release|x86.ActiveCfg = Release|Win32
		{D0290F37-4824-4C2A-B3C9-CECB45548325}.Release|x86.Build.0 = Release|Win32
		{7C3DEEDC-7AA1-4343-ACD0-985B3248F8C9}.Debug|x64.ActiveCfg = Debug|x64
		{7C3DEEDC-7AA1-4343-ACD0-985B3248F8C9}.Debug|x64.Build.0 = Debug|x64
		{7C3DEEDC-7AA1-4343-ACD0-985B3248F8C9}.Debug|x86.ActiveCfg = Debug|Win32
		{7C3DEEDC-7AA1-4343-ACD0-985B3248F8C9}.Debug|x86.Build.0 = Debug|Win32
		{7C3DEEDC-7AA1-4343-ACD0-985B3248F8C9}.Release|x64.ActiveCfg = Release|x64
		{7C3DEEDC-7AA1-4343-ACD0-985B3248F8C9}.Release|x64.Build.0 = Release|x64
		{7C3DEEDC-7AA1-4343-ACD0-985B3248F8C9}.Release|x86.ActiveCfg = Release|Win32
		{7C3DEEDC-7AA1-4343-ACD0-985B3248F8C9}.Release|x86.Build.0 = Release|Win32
		{4847A7FE-CC9B-474A-A44E-71839E0F4ECE}.Debug|x64.ActiveCfg = Debug|x64
		{4847A7FE-CC9B-474A-A44E-71839E0F4ECE}.Debug|x64.Build.0 = Debug|x64
		{4847A7FE-CC9B-474A-A44E-71839E0F4ECE}.Debug|x86.ActiveCfg = Debug|Win32
		{4847A7FE-CC9B-474A-A44E-71839E0F4ECE}.Debug|x86.Build.0 = Debug|Win32
		{4847A7FE-CC9B-474A-A44E-71839E0F4ECE}.Release|x64.ActiveCfg = Release|x64
		{4847A7FE-CC9B-474A-A44E-71839E0F4ECE}.Release|x64.Build.0 = Release|x64
		{4847A7FE-CC9B-474A-A44E-71839E0F4ECE}.Release|x86.ActiveCfg = Release|Win32
		{4847A7FE-CC9B-474A-A44E-71839E0F4ECE}.Release|x86.Build.0 = Release|Win32
		{54F3CFD6-D111-4303-99E8-0B30E74EF4AF}.Debug|x64.ActiveCfg = Debug|x64
		{54F3CFD6-D111-4303-99E8-0B30E74EF4AF}.Debug|x64.Build.0 = Debug|x64
		{54F3CFD6-D111-4303-99E8-0B30E74EF4AF}.Debug|x86.ActiveCfg = Debug|Win32
		{54F3CFD6-D111-4303-99E8-0B30E74EF4AF}.Debug|x86.Build.0 = Debug|Win32
		{54F3CFD6-D111-4303-99E8-0B30E74EF4AF}.Release|x64.ActiveCfg = Release|x64
		{54F3CFD6-D111-4303-99E8-0B30E74EF4AF}.Release|x64.Build.0 = Release|x64
		{54F3CFD6-D111-4303-99E8-0B30E74EF4AF}.Release|x86.ActiveCfg = Release|Win32
		{54F3CFD6-D111-4303-99E8-0B30E74EF4AF}.Release|x86.Build.0 = Release|Win32
		{E34BE61E-FAB3-4FE3-BA11-74B00A54B4ED}.Debug|x64.ActiveCfg = Debug|x64
		{E34BE61E-FAB3-4FE3-BA11-74B00A54B4ED}.Debug|x64.Build.0 = Debug|x64
		{E34BE61E-FAB3-4FE3-BA11-74B00A54B4ED}.Debug|x86.ActiveCfg = Debug|Win32
		{E34BE61E-FAB3-4FE3-BA11-74B00A54B4ED}.Debug|x86.Build.0 = Debug|Win32
		{E34BE61E-FAB3-4FE3-BA11-74B00A54B4ED}.Release|x64.ActiveCfg = Release|x64
		{E34BE61E-FAB3-4FE3-BA11-74B00A54B4ED}.Release|x64.Build.0 = Release|x64
		{E34BE61E-FAB3-4FE3-BA11-74B00A54B4ED}.Release|x86.ActiveCfg = Release|Win32
		{E34BE61E-FAB3-4FE3-BA11-74B00A54B4ED}.Release|x86.Build.0 = Release|Win32
		{4A0DFFF5-810A-45E2-B851-33857AE35DB1}.Debug|x64.ActiveCfg = Debug|x64
		{4A0DFFF5-810A-45E2-B851-33857AE35DB1}.Debug|x64.Build.0 = Debug|x64
		{4A0DFFF5-810A-45E2-B851-33857AE35DB1}.Debug|x86.ActiveCfg = Debug|Win32
		{4A0DFFF5-810A-45E2-B851-33857AE35DB1}.Debug|x86.Build.0 = Debug|Win32
		{4A0DFFF5-810A-45E2-B851-33857AE35DB1}.Release|x64.ActiveCfg = Release|x64
		{4A0DFFF5-810A-45E2-B851-33857AE35DB1}.Release|x64.Build.0 = Release|x64
		{4A0DFFF5-810A-45E2-B851-33857AE35DB1}.Release|x86.ActiveCfg = Release|Win32
		{4A0DFFF5-810A-45E2-B851-33857AE35DB1}.Release|x86.Build.0 = Release|Win32
		{91A20CF9-DB85-42B7-9996-F388A14137A9}.Debug|x64.ActiveCfg = Debug|x64
		{91A20CF9-DB85-42B7-9996-F388A14137A9}.Debug|x64.Build.0 = Debug|x64
		{91A20CF9-DB85-42B7-9996-F388A14137A9}.Debug|x86.ActiveCfg = Debug|Win32
		{91A20CF9-DB85-42B7-9996-F388A14137A9}.Debug|x86.Build.0 = Debug|Win32
		{91A20CF9-DB85-42B7-9996-F388A14137A9}.Release|x64.ActiveCfg = Release|x64
		{91A20CF9-DB85-42B7-9996-F388A14137A9}.Release|x64.Build.0 = Release|x64
		{91A20CF9-DB85-42B7-9996-F388A14137A9}.Release|x86.ActiveCfg = Release|Win32
		{91A20CF9-DB85-42B7-9996-F388A14137A9}.Release|x86.Build.0 = Release|Win32
		{12DDD0C3-E23B-47EA-9CB4-B76607AED6A3}.Debug|x64.ActiveCfg = Debug|x64
		{12DDD0C3-E23B-47EA-9CB4-B76607AED6A3}.Debug|x64.Build.0 = Debug|x64
		{12DDD0C3-E23B-47EA-9CB4-B76607AED6A3}.Debug|x86.ActiveCfg = Debug|Win32
		{12DDD0C3-E23B-47EA-9CB4-B76607AED6A3}.Debug|x86.Build.0 = Debug|Win32
		{12DDD0C3-E23B-47EA-9CB4-B76607AED6A3}.Release|x64.ActiveCfg = Release|x64
		{12DDD0C3-E23B-47EA-9CB4-B76607AED6A3}.Release|x64.Build.0 = Release|x64
		{12DDD0C3-E23B-47EA-9CB4-B76607AED6A3}.Release|x86.ActiveCfg = Release|Win32
		{12DDD0C3-E23B-47EA-9CB4-B76607AED6A3}.Release|x86.Build.0 = Release|Win32
	EndGlobalSection
	GlobalSection(SolutionProperties) = preSolution
		HideSolutionNode = FALSE
	EndGlobalSection
	GlobalSection(ExtensibilityGlobals) = postSolution
		SolutionGuid = {13424833-8CAD-4686-99A5-255CF560F3B0}
	EndGlobalSection
EndGlobal
